{
  "name": "BAU-main-project",
  "lockfileVersion": 3,
  "requires": true,
  "packages": {
    "": {
      "dependencies": {
        "instal": "^0.0.1-security"
      }
    },
    "node_modules/instal": {
      "version": "0.0.1-security",
      "resolved": "https://registry.npmjs.org/instal/-/instal-0.0.1-security.tgz",
      "integrity": "sha512-JJhEzpxOZEgufqNMvIf6VXUDRuLs3wEye6EVpkDltutTvNYKWVFF5KnKeMlwZtHesxnLdpWx6PPCAD8wMA7zng=="
    }
  }
}
